// !$*UTF8*$!
{
	archiveVersion = 1;
	classes = {
	};
	objectVersion = 46;
	objects = {

/* Begin PBXBuildFile section */
		02AD24C61E6EA17D00B18028 /* AppDelegate.swift in Sources */ = {isa = PBXBuildFile; fileRef = 02AD24C51E6EA17D00B18028 /* AppDelegate.swift */; };
		02AD24C81E6EA17D00B18028 /* ViewController.swift in Sources */ = {isa = PBXBuildFile; fileRef = 02AD24C71E6EA17D00B18028 /* ViewController.swift */; };
		02AD24CB1E6EA17D00B18028 /* Main.storyboard in Resources */ = {isa = PBXBuildFile; fileRef = 02AD24C91E6EA17D00B18028 /* Main.storyboard */; };
		02AD24CD1E6EA17D00B18028 /* Assets.xcassets in Resources */ = {isa = PBXBuildFile; fileRef = 02AD24CC1E6EA17D00B18028 /* Assets.xcassets */; };
		02AD24D01E6EA17D00B18028 /* LaunchScreen.storyboard in Resources */ = {isa = PBXBuildFile; fileRef = 02AD24CE1E6EA17D00B18028 /* LaunchScreen.storyboard */; };
		02AD24D81E6EA78200B18028 /* LHWActor.swift in Sources */ = {isa = PBXBuildFile; fileRef = 02AD24D71E6EA78200B18028 /* LHWActor.swift */; };
		02AD24DA1E6EA7EE00B18028 /* LHWActionStage.swift in Sources */ = {isa = PBXBuildFile; fileRef = 02AD24D91E6EA7EE00B18028 /* LHWActionStage.swift */; };
		02AD24DC1E6EA87500B18028 /* LHWHandler.swift in Sources */ = {isa = PBXBuildFile; fileRef = 02AD24DB1E6EA87500B18028 /* LHWHandler.swift */; };
		02AD24DE1E6EA87D00B18028 /* LHWWatcher.swift in Sources */ = {isa = PBXBuildFile; fileRef = 02AD24DD1E6EA87D00B18028 /* LHWWatcher.swift */; };
		02AD24E01E6EA8D200B18028 /* LHWCommon.swift in Sources */ = {isa = PBXBuildFile; fileRef = 02AD24DF1E6EA8D200B18028 /* LHWCommon.swift */; };
		02AD24E21E6EA8FF00B18028 /* LHWTimer.swift in Sources */ = {isa = PBXBuildFile; fileRef = 02AD24E11E6EA8FF00B18028 /* LHWTimer.swift */; };
		02AD24E41E6EA92000B18028 /* LHWWeakProxy.swift in Sources */ = {isa = PBXBuildFile; fileRef = 02AD24E31E6EA92000B18028 /* LHWWeakProxy.swift */; };
		02AD24E61E6EA96500B18028 /* LHWQueue.swift in Sources */ = {isa = PBXBuildFile; fileRef = 02AD24E51E6EA96500B18028 /* LHWQueue.swift */; };
		02AD24E81E6EB1EF00B18028 /* LHWGraphNode.swift in Sources */ = {isa = PBXBuildFile; fileRef = 02AD24E71E6EB1EF00B18028 /* LHWGraphNode.swift */; };
/* End PBXBuildFile section */

/* Begin PBXFileReference section */
		02AD24C21E6EA17D00B18028 /* ActionStageSwift.app */ = {isa = PBXFileReference; explicitFileType = wrapper.application; includeInIndex = 0; path = ActionStageSwift.app; sourceTree = BUILT_PRODUCTS_DIR; };
		02AD24C51E6EA17D00B18028 /* AppDelegate.swift */ = {isa = PBXFileReference; lastKnownFileType = sourcecode.swift; path = AppDelegate.swift; sourceTree = "<group>"; };
		02AD24C71E6EA17D00B18028 /* ViewController.swift */ = {isa = PBXFileReference; lastKnownFileType = sourcecode.swift; path = ViewController.swift; sourceTree = "<group>"; };
		02AD24CA1E6EA17D00B18028 /* Base */ = {isa = PBXFileReference; lastKnownFileType = file.storyboard; name = Base; path = Base.lproj/Main.storyboard; sourceTree = "<group>"; };
		02AD24CC1E6EA17D00B18028 /* Assets.xcassets */ = {isa = PBXFileReference; lastKnownFileType = folder.assetcatalog; path = Assets.xcassets; sourceTree = "<group>"; };
		02AD24CF1E6EA17D00B18028 /* Base */ = {isa = PBXFileReference; lastKnownFileType = file.storyboard; name = Base; path = Base.lproj/LaunchScreen.storyboard; sourceTree = "<group>"; };
		02AD24D11E6EA17D00B18028 /* Info.plist */ = {isa = PBXFileReference; lastKnownFileType = text.plist.xml; path = Info.plist; sourceTree = "<group>"; };
		02AD24D71E6EA78200B18028 /* LHWActor.swift */ = {isa = PBXFileReference; fileEncoding = 4; lastKnownFileType = sourcecode.swift; path = LHWActor.swift; sourceTree = "<group>"; };
		02AD24D91E6EA7EE00B18028 /* LHWActionStage.swift */ = {isa = PBXFileReference; fileEncoding = 4; lastKnownFileType = sourcecode.swift; path = LHWActionStage.swift; sourceTree = "<group>"; };
		02AD24DB1E6EA87500B18028 /* LHWHandler.swift */ = {isa = PBXFileReference; fileEncoding = 4; lastKnownFileType = sourcecode.swift; path = LHWHandler.swift; sourceTree = "<group>"; };
		02AD24DD1E6EA87D00B18028 /* LHWWatcher.swift */ = {isa = PBXFileReference; fileEncoding = 4; lastKnownFileType = sourcecode.swift; path = LHWWatcher.swift; sourceTree = "<group>"; };
		02AD24DF1E6EA8D200B18028 /* LHWCommon.swift */ = {isa = PBXFileReference; fileEncoding = 4; lastKnownFileType = sourcecode.swift; path = LHWCommon.swift; sourceTree = "<group>"; };
		02AD24E11E6EA8FF00B18028 /* LHWTimer.swift */ = {isa = PBXFileReference; fileEncoding = 4; lastKnownFileType = sourcecode.swift; path = LHWTimer.swift; sourceTree = "<group>"; };
		02AD24E31E6EA92000B18028 /* LHWWeakProxy.swift */ = {isa = PBXFileReference; fileEncoding = 4; lastKnownFileType = sourcecode.swift; path = LHWWeakProxy.swift; sourceTree = "<group>"; };
		02AD24E51E6EA96500B18028 /* LHWQueue.swift */ = {isa = PBXFileReference; fileEncoding = 4; lastKnownFileType = sourcecode.swift; path = LHWQueue.swift; sourceTree = "<group>"; };
		02AD24E71E6EB1EF00B18028 /* LHWGraphNode.swift */ = {isa = PBXFileReference; fileEncoding = 4; lastKnownFileType = sourcecode.swift; path = LHWGraphNode.swift; sourceTree = "<group>"; };
/* End PBXFileReference section */

/* Begin PBXFrameworksBuildPhase section */
		02AD24BF1E6EA17D00B18028 /* Frameworks */ = {
			isa = PBXFrameworksBuildPhase;
			buildActionMask = 2147483647;
			files = (
			);
			runOnlyForDeploymentPostprocessing = 0;
		};
/* End PBXFrameworksBuildPhase section */

/* Begin PBXGroup section */
		02AD24B91E6EA17D00B18028 = {
			isa = PBXGroup;
			children = (
				02AD24C41E6EA17D00B18028 /* ActionStageSwift */,
				02AD24C31E6EA17D00B18028 /* Products */,
			);
			sourceTree = "<group>";
		};
		02AD24C31E6EA17D00B18028 /* Products */ = {
			isa = PBXGroup;
			children = (
				02AD24C21E6EA17D00B18028 /* ActionStageSwift.app */,
			);
			name = Products;
			sourceTree = "<group>";
		};
		02AD24C41E6EA17D00B18028 /* ActionStageSwift */ = {
			isa = PBXGroup;
			children = (
				02AD24C51E6EA17D00B18028 /* AppDelegate.swift */,
				02AD24C71E6EA17D00B18028 /* ViewController.swift */,
				02AD24C91E6EA17D00B18028 /* Main.storyboard */,
				02AD24CC1E6EA17D00B18028 /* Assets.xcassets */,
				02AD24CE1E6EA17D00B18028 /* LaunchScreen.storyboard */,
				02AD24D11E6EA17D00B18028 /* Info.plist */,
				02AD24D71E6EA78200B18028 /* LHWActor.swift */,
				02AD24DF1E6EA8D200B18028 /* LHWCommon.swift */,
				02AD24D91E6EA7EE00B18028 /* LHWActionStage.swift */,
				02AD24DB1E6EA87500B18028 /* LHWHandler.swift */,
				02AD24DD1E6EA87D00B18028 /* LHWWatcher.swift */,
				02AD24E11E6EA8FF00B18028 /* LHWTimer.swift */,
				02AD24E31E6EA92000B18028 /* LHWWeakProxy.swift */,
				02AD24E51E6EA96500B18028 /* LHWQueue.swift */,
				02AD24E71E6EB1EF00B18028 /* LHWGraphNode.swift */,
			);
			path = ActionStageSwift;
			sourceTree = "<group>";
		};
/* End PBXGroup section */

/* Begin PBXNativeTarget section */
		02AD24C11E6EA17D00B18028 /* ActionStageSwift */ = {
			isa = PBXNativeTarget;
			buildConfigurationList = 02AD24D41E6EA17D00B18028 /* Build configuration list for PBXNativeTarget "ActionStageSwift" */;
			buildPhases = (
				02AD24BE1E6EA17D00B18028 /* Sources */,
				02AD24BF1E6EA17D00B18028 /* Frameworks */,
				02AD24C01E6EA17D00B18028 /* Resources */,
			);
			buildRules = (
			);
			dependencies = (
			);
			name = ActionStageSwift;
			productName = ActionStageSwift;
			productReference = 02AD24C21E6EA17D00B18028 /* ActionStageSwift.app */;
			productType = "com.apple.product-type.application";
		};
/* End PBXNativeTarget section */

/* Begin PBXProject section */
		02AD24BA1E6EA17D00B18028 /* Project object */ = {
			isa = PBXProject;
			attributes = {
				LastSwiftUpdateCheck = 0820;
				LastUpgradeCheck = 0820;
				ORGANIZATIONNAME = Hanguang;
				TargetAttributes = {
					02AD24C11E6EA17D00B18028 = {
						CreatedOnToolsVersion = 8.2.1;
						DevelopmentTeam = 2L4985KKX7;
						ProvisioningStyle = Automatic;
					};
				};
			};
			buildConfigurationList = 02AD24BD1E6EA17D00B18028 /* Build configuration list for PBXProject "ActionStageSwift" */;
			compatibilityVersion = "Xcode 3.2";
			developmentRegion = English;
			hasScannedForEncodings = 0;
			knownRegions = (
				en,
				Base,
			);
			mainGroup = 02AD24B91E6EA17D00B18028;
			productRefGroup = 02AD24C31E6EA17D00B18028 /* Products */;
			projectDirPath = "";
			projectRoot = "";
			targets = (
				02AD24C11E6EA17D00B18028 /* ActionStageSwift */,
			);
		};
/* End PBXProject section */

/* Begin PBXResourcesBuildPhase section */
		02AD24C01E6EA17D00B18028 /* Resources */ = {
			isa = PBXResourcesBuildPhase;
			buildActionMask = 2147483647;
			files = (
				02AD24D01E6EA17D00B18028 /* LaunchScreen.storyboard in Resources */,
				02AD24CD1E6EA17D00B18028 /* Assets.xcassets in Resources */,
				02AD24CB1E6EA17D00B18028 /* Main.storyboard in Resources */,
			);
			runOnlyForDeploymentPostprocessing = 0;
		};
/* End PBXResourcesBuildPhase section */

/* Begin PBXSourcesBuildPhase section */
		02AD24BE1E6EA17D00B18028 /* Sources */ = {
			isa = PBXSourcesBuildPhase;
			buildActionMask = 2147483647;
			files = (
				02AD24DC1E6EA87500B18028 /* LHWHandler.swift in Sources */,
				02AD24DA1E6EA7EE00B18028 /* LHWActionStage.swift in Sources */,
				02AD24DE1E6EA87D00B18028 /* LHWWatcher.swift in Sources */,
				02AD24E01E6EA8D200B18028 /* LHWCommon.swift in Sources */,
				02AD24E41E6EA92000B18028 /* LHWWeakProxy.swift in Sources */,
				02AD24D81E6EA78200B18028 /* LHWActor.swift in Sources */,
				02AD24E21E6EA8FF00B18028 /* LHWTimer.swift in Sources */,
				02AD24E61E6EA96500B18028 /* LHWQueue.swift in Sources */,
				02AD24E81E6EB1EF00B18028 /* LHWGraphNode.swift in Sources */,
				02AD24C81E6EA17D00B18028 /* ViewController.swift in Sources */,
				02AD24C61E6EA17D00B18028 /* AppDelegate.swift in Sources */,
			);
			runOnlyForDeploymentPostprocessing = 0;
		};
/* End PBXSourcesBuildPhase section */

/* Begin PBXVariantGroup section */
		02AD24C91E6EA17D00B18028 /* Main.storyboard */ = {
			isa = PBXVariantGroup;
			children = (
				02AD24CA1E6EA17D00B18028 /* Base */,
			);
			name = Main.storyboard;
			sourceTree = "<group>";
		};
		02AD24CE1E6EA17D00B18028 /* LaunchScreen.storyboard */ = {
			isa = PBXVariantGroup;
			children = (
				02AD24CF1E6EA17D00B18028 /* Base */,
			);
			name = LaunchScreen.storyboard;
			sourceTree = "<group>";
		};
/* End PBXVariantGroup section */

/* Begin XCBuildConfiguration section */
		02AD24D21E6EA17D00B18028 /* Debug */ = {
			isa = XCBuildConfiguration;
			buildSettings = {
				ALWAYS_SEARCH_USER_PATHS = NO;
				CLANG_ANALYZER_NONNULL = YES;
				CLANG_CXX_LANGUAGE_STANDARD = "gnu++0x";
				CLANG_CXX_LIBRARY = "libc++";
				CLANG_ENABLE_MODULES = YES;
				CLANG_ENABLE_OBJC_ARC = YES;
				CLANG_WARN_BOOL_CONVERSION = YES;
				CLANG_WARN_CONSTANT_CONVERSION = YES;
				CLANG_WARN_DIRECT_OBJC_ISA_USAGE = YES_ERROR;
				CLANG_WARN_DOCUMENTATION_COMMENTS = YES;
				CLANG_WARN_EMPTY_BODY = YES;
				CLANG_WARN_ENUM_CONVERSION = YES;
				CLANG_WARN_INFINITE_RECURSION = YES;
				CLANG_WARN_INT_CONVERSION = YES;
				CLANG_WARN_OBJC_ROOT_CLASS = YES_ERROR;
				CLANG_WARN_SUSPICIOUS_MOVE = YES;
				CLANG_WARN_UNREACHABLE_CODE = YES;
				CLANG_WARN__DUPLICATE_METHOD_MATCH = YES;
				"CODE_SIGN_IDENTITY[sdk=iphoneos*]" = "iPhone Developer";
				COPY_PHASE_STRIP = NO;
				DEBUG_INFORMATION_FORMAT = dwarf;
				ENABLE_STRICT_OBJC_MSGSEND = YES;
				ENABLE_TESTABILITY = YES;
				GCC_C_LANGUAGE_STANDARD = gnu99;
				GCC_DYNAMIC_NO_PIC = NO;
				GCC_NO_COMMON_BLOCKS = YES;
				GCC_OPTIMIZATION_LEVEL = 0;
				GCC_PREPROCESSOR_DEFINITIONS = (
					"DEBUG=1",
					"$(inherited)",
				);
				GCC_WARN_64_TO_32_BIT_CONVERSION = YES;
				GCC_WARN_ABOUT_RETURN_TYPE = YES_ERROR;
				GCC_WARN_UNDECLARED_SELECTOR = YES;
				GCC_WARN_UNINITIALIZED_AUTOS = YES_AGGRESSIVE;
				GCC_WARN_UNUSED_FUNCTION = YES;
				GCC_WARN_UNUSED_VARIABLE = YES;
				IPHONEOS_DEPLOYMENT_TARGET = 10.2;
				MTL_ENABLE_DEBUG_INFO = YES;
				ONLY_ACTIVE_ARCH = YES;
				SDKROOT = iphoneos;
				SWIFT_ACTIVE_COMPILATION_CONDITIONS = DEBUG;
				SWIFT_OPTIMIZATION_LEVEL = "-Onone";
			};
			name = Debug;
		};
		02AD24D31E6EA17D00B18028 /* Release */ = {
			isa = XCBuildConfiguration;
			buildSettings = {
				ALWAYS_SEARCH_USER_PATHS = NO;
				CLANG_ANALYZER_NONNULL = YES;
				CLANG_CXX_LANGUAGE_STANDARD = "gnu++0x";
				CLANG_CXX_LIBRARY = "libc++";
				CLANG_ENABLE_MODULES = YES;
				CLANG_ENABLE_OBJC_ARC = YES;
				CLANG_WARN_BOOL_CONVERSION = YES;
				CLANG_WARN_CONSTANT_CONVERSION = YES;
				CLANG_WARN_DIRECT_OBJC_ISA_USAGE = YES_ERROR;
				CLANG_WARN_DOCUMENTATION_COMMENTS = YES;
				CLANG_WARN_EMPTY_BODY = YES;
				CLANG_WARN_ENUM_CONVERSION = YES;
				CLANG_WARN_INFINITE_RECURSION = YES;
				CLANG_WARN_INT_CONVERSION = YES;
				CLANG_WARN_OBJC_ROOT_CLASS = YES_ERROR;
				CLANG_WARN_SUSPICIOUS_MOVE = YES;
				CLANG_WARN_UNREACHABLE_CODE = YES;
				CLANG_WARN__DUPLICATE_METHOD_MATCH = YES;
				"CODE_SIGN_IDENTITY[sdk=iphoneos*]" = "iPhone Developer";
				COPY_PHASE_STRIP = NO;
				DEBUG_INFORMATION_FORMAT = "dwarf-with-dsym";
				ENABLE_NS_ASSERTIONS = NO;
				ENABLE_STRICT_OBJC_MSGSEND = YES;
				GCC_C_LANGUAGE_STANDARD = gnu99;
				GCC_NO_COMMON_BLOCKS = YES;
				GCC_WARN_64_TO_32_BIT_CONVERSION = YES;
				GCC_WARN_ABOUT_RETURN_TYPE = YES_ERROR;
				GCC_WARN_UNDECLARED_SELECTOR = YES;
				GCC_WARN_UNINITIALIZED_AUTOS = YES_AGGRESSIVE;
				GCC_WARN_UNUSED_FUNCTION = YES;
				GCC_WARN_UNUSED_VARIABLE = YES;
				IPHONEOS_DEPLOYMENT_TARGET = 10.2;
				MTL_ENABLE_DEBUG_INFO = NO;
				SDKROOT = iphoneos;
				SWIFT_OPTIMIZATION_LEVEL = "-Owholemodule";
				VALIDATE_PRODUCT = YES;
			};
			name = Release;
		};
		02AD24D51E6EA17D00B18028 /* Debug */ = {
			isa = XCBuildConfiguration;
			buildSettings = {
				ASSETCATALOG_COMPILER_APPICON_NAME = AppIcon;
				DEVELOPMENT_TEAM = 2L4985KKX7;
				INFOPLIST_FILE = ActionStageSwift/Info.plist;
				LD_RUNPATH_SEARCH_PATHS = "$(inherited) @executable_path/Frameworks";
				PRODUCT_BUNDLE_IDENTIFIER = com.hanguang.app.ActionStageSwift;
				PRODUCT_NAME = "$(TARGET_NAME)";
				SWIFT_VERSION = 3.0;
			};
			name = Debug;
		};
		02AD24D61E6EA17D00B18028 /* Release */ = {
			isa = XCBuildConfiguration;
			buildSettings = {
				ASSETCATALOG_COMPILER_APPICON_NAME = AppIcon;
				DEVELOPMENT_TEAM = 2L4985KKX7;
				INFOPLIST_FILE = ActionStageSwift/Info.plist;
				LD_RUNPATH_SEARCH_PATHS = "$(inherited) @executable_path/Frameworks";
				PRODUCT_BUNDLE_IDENTIFIER = com.hanguang.app.ActionStageSwift;
				PRODUCT_NAME = "$(TARGET_NAME)";
				SWIFT_VERSION = 3.0;
			};
			name = Release;
		};
/* End XCBuildConfiguration section */

/* Begin XCConfigurationList section */
		02AD24BD1E6EA17D00B18028 /* Build configuration list for PBXProject "ActionStageSwift" */ = {
			isa = XCConfigurationList;
			buildConfigurations = (
				02AD24D21E6EA17D00B18028 /* Debug */,
				02AD24D31E6EA17D00B18028 /* Release */,
			);
			defaultConfigurationIsVisible = 0;
			defaultConfigurationName = Release;
		};
		02AD24D41E6EA17D00B18028 /* Build configuration list for PBXNativeTarget "ActionStageSwift" */ = {
			isa = XCConfigurationList;
			buildConfigurations = (
				02AD24D51E6EA17D00B18028 /* Debug */,
				02AD24D61E6EA17D00B18028 /* Release */,
			);
			defaultConfigurationIsVisible = 0;
		};
/* End XCConfigurationList section */
	};
	rootObject = 02AD24BA1E6EA17D00B18028 /* Project object */;
}
